// !$*UTF8*$!
{
	archiveVersion = 1;
	classes = {
	};
	objectVersion = 56;
	objects = {

/* Begin PBXBuildFile section */
		4B2A74FD2C1CE7F800E4EBDC /* Assets.xcassets in Resources */ = {isa = PBXBuildFile; fileRef = 4B2A74FC2C1CE7F800E4EBDC /* Assets.xcassets */; };
		4B2A75002C1CE7F800E4EBDC /* Preview Assets.xcassets in Resources */ = {isa = PBXBuildFile; fileRef = 4B2A74FF2C1CE7F800E4EBDC /* Preview Assets.xcassets */; };
		4B2A75112C1CE9E800E4EBDC /* DifficultyButton.swift in Sources */ = {isa = PBXBuildFile; fileRef = 4B2A75062C1CE9E800E4EBDC /* DifficultyButton.swift */; };
		4B2A75132C1CE9E800E4EBDC /* QuizApp.swift in Sources */ = {isa = PBXBuildFile; fileRef = 4B2A75082C1CE9E800E4EBDC /* QuizApp.swift */; };
		4B2A75142C1CE9E800E4EBDC /* FinishView.swift in Sources */ = {isa = PBXBuildFile; fileRef = 4B2A75092C1CE9E800E4EBDC /* FinishView.swift */; };
		4B2A75152C1CE9E800E4EBDC /* CategoryRowView.swift in Sources */ = {isa = PBXBuildFile; fileRef = 4B2A750A2C1CE9E800E4EBDC /* CategoryRowView.swift */; };
		4B2A75162C1CE9E800E4EBDC /* QuizAPI.swift in Sources */ = {isa = PBXBuildFile; fileRef = 4B2A750B2C1CE9E800E4EBDC /* QuizAPI.swift */; };
		4B2A75172C1CE9E800E4EBDC /* Models.swift in Sources */ = {isa = PBXBuildFile; fileRef = 4B2A750C2C1CE9E800E4EBDC /* Models.swift */; };
		4B2A75182C1CE9E800E4EBDC /* QuizView.swift in Sources */ = {isa = PBXBuildFile; fileRef = 4B2A750D2C1CE9E800E4EBDC /* QuizView.swift */; };
		4B2A75192C1CE9E800E4EBDC /* utils.swift in Sources */ = {isa = PBXBuildFile; fileRef = 4B2A750E2C1CE9E800E4EBDC /* utils.swift */; };
		4B2A751A2C1CE9E800E4EBDC /* QuestionView.swift in Sources */ = {isa = PBXBuildFile; fileRef = 4B2A750F2C1CE9E800E4EBDC /* QuestionView.swift */; };
		4B2A751B2C1CE9E800E4EBDC /* ResultView.swift in Sources */ = {isa = PBXBuildFile; fileRef = 4B2A75102C1CE9E800E4EBDC /* ResultView.swift */; };
		4B7F00642C1CEBA20006084E /* ContentView.swift in Sources */ = {isa = PBXBuildFile; fileRef = 4B7F00632C1CEBA20006084E /* ContentView.swift */; };
/* End PBXBuildFile section */

/* Begin PBXFileReference section */
		4B2A74F52C1CE7F700E4EBDC /* quiz-ios.app */ = {isa = PBXFileReference; explicitFileType = wrapper.application; includeInIndex = 0; path = "quiz-ios.app"; sourceTree = BUILT_PRODUCTS_DIR; };
		4B2A74FC2C1CE7F800E4EBDC /* Assets.xcassets */ = {isa = PBXFileReference; lastKnownFileType = folder.assetcatalog; path = Assets.xcassets; sourceTree = "<group>"; };
		4B2A74FF2C1CE7F800E4EBDC /* Preview Assets.xcassets */ = {isa = PBXFileReference; lastKnownFileType = folder.assetcatalog; path = "Preview Assets.xcassets"; sourceTree = "<group>"; };
		4B2A75062C1CE9E800E4EBDC /* DifficultyButton.swift */ = {isa = PBXFileReference; fileEncoding = 4; lastKnownFileType = sourcecode.swift; path = DifficultyButton.swift; sourceTree = "<group>"; };
		4B2A75082C1CE9E800E4EBDC /* QuizApp.swift */ = {isa = PBXFileReference; fileEncoding = 4; lastKnownFileType = sourcecode.swift; path = QuizApp.swift; sourceTree = "<group>"; };
		4B2A75092C1CE9E800E4EBDC /* FinishView.swift */ = {isa = PBXFileReference; fileEncoding = 4; lastKnownFileType = sourcecode.swift; path = FinishView.swift; sourceTree = "<group>"; };
		4B2A750A2C1CE9E800E4EBDC /* CategoryRowView.swift */ = {isa = PBXFileReference; fileEncoding = 4; lastKnownFileType = sourcecode.swift; path = CategoryRowView.swift; sourceTree = "<group>"; };
		4B2A750B2C1CE9E800E4EBDC /* QuizAPI.swift */ = {isa = PBXFileReference; fileEncoding = 4; lastKnownFileType = sourcecode.swift; path = QuizAPI.swift; sourceTree = "<group>"; };
		4B2A750C2C1CE9E800E4EBDC /* Models.swift */ = {isa = PBXFileReference; fileEncoding = 4; lastKnownFileType = sourcecode.swift; path = Models.swift; sourceTree = "<group>"; };
		4B2A750D2C1CE9E800E4EBDC /* QuizView.swift */ = {isa = PBXFileReference; fileEncoding = 4; lastKnownFileType = sourcecode.swift; path = QuizView.swift; sourceTree = "<group>"; };
		4B2A750E2C1CE9E800E4EBDC /* utils.swift */ = {isa = PBXFileReference; fileEncoding = 4; lastKnownFileType = sourcecode.swift; path = utils.swift; sourceTree = "<group>"; };
		4B2A750F2C1CE9E800E4EBDC /* QuestionView.swift */ = {isa = PBXFileReference; fileEncoding = 4; lastKnownFileType = sourcecode.swift; path = QuestionView.swift; sourceTree = "<group>"; };
		4B2A75102C1CE9E800E4EBDC /* ResultView.swift */ = {isa = PBXFileReference; fileEncoding = 4; lastKnownFileType = sourcecode.swift; path = ResultView.swift; sourceTree = "<group>"; };
		4B7F00632C1CEBA20006084E /* ContentView.swift */ = {isa = PBXFileReference; fileEncoding = 4; lastKnownFileType = sourcecode.swift; path = ContentView.swift; sourceTree = "<group>"; };
/* End PBXFileReference section */

/* Begin PBXFrameworksBuildPhase section */
		4B2A74F22C1CE7F700E4EBDC /* Frameworks */ = {
			isa = PBXFrameworksBuildPhase;
			buildActionMask = 2147483647;
			files = (
			);
			runOnlyForDeploymentPostprocessing = 0;
		};
/* End PBXFrameworksBuildPhase section */

/* Begin PBXGroup section */
		4B2A74EC2C1CE7F700E4EBDC = {
			isa = PBXGroup;
			children = (
				4B2A74F72C1CE7F700E4EBDC /* quiz-ios */,
				4B2A74F62C1CE7F700E4EBDC /* Products */,
			);
			sourceTree = "<group>";
		};
		4B2A74F62C1CE7F700E4EBDC /* Products */ = {
			isa = PBXGroup;
			children = (
				4B2A74F52C1CE7F700E4EBDC /* quiz-ios.app */,
			);
			name = Products;
			sourceTree = "<group>";
		};
		4B2A74F72C1CE7F700E4EBDC /* quiz-ios */ = {
			isa = PBXGroup;
			children = (
				4B2A750A2C1CE9E800E4EBDC /* CategoryRowView.swift */,
				4B7F00632C1CEBA20006084E /* ContentView.swift */,
				4B2A75062C1CE9E800E4EBDC /* DifficultyButton.swift */,
				4B2A75092C1CE9E800E4EBDC /* FinishView.swift */,
				4B2A750C2C1CE9E800E4EBDC /* Models.swift */,
				4B2A750F2C1CE9E800E4EBDC /* QuestionView.swift */,
				4B2A750B2C1CE9E800E4EBDC /* QuizAPI.swift */,
				4B2A75082C1CE9E800E4EBDC /* QuizApp.swift */,
				4B2A750D2C1CE9E800E4EBDC /* QuizView.swift */,
				4B2A75102C1CE9E800E4EBDC /* ResultView.swift */,
				4B2A750E2C1CE9E800E4EBDC /* utils.swift */,
				4B2A74FC2C1CE7F800E4EBDC /* Assets.xcassets */,
				4B2A74FE2C1CE7F800E4EBDC /* Preview Content */,
			);
			path = "quiz-ios";
			sourceTree = "<group>";
		};
		4B2A74FE2C1CE7F800E4EBDC /* Preview Content */ = {
			isa = PBXGroup;
			children = (
				4B2A74FF2C1CE7F800E4EBDC /* Preview Assets.xcassets */,
			);
			path = "Preview Content";
			sourceTree = "<group>";
		};
/* End PBXGroup section */

/* Begin PBXNativeTarget section */
		4B2A74F42C1CE7F700E4EBDC /* quiz-ios */ = {
			isa = PBXNativeTarget;
			buildConfigurationList = 4B2A75032C1CE7F800E4EBDC /* Build configuration list for PBXNativeTarget "quiz-ios" */;
			buildPhases = (
				4B2A74F12C1CE7F700E4EBDC /* Sources */,
				4B2A74F22C1CE7F700E4EBDC /* Frameworks */,
				4B2A74F32C1CE7F700E4EBDC /* Resources */,
			);
			buildRules = (
			);
			dependencies = (
			);
			name = "quiz-ios";
			productName = "quiz-ios";
			productReference = 4B2A74F52C1CE7F700E4EBDC /* quiz-ios.app */;
			productType = "com.apple.product-type.application";
		};
/* End PBXNativeTarget section */

/* Begin PBXProject section */
		4B2A74ED2C1CE7F700E4EBDC /* Project object */ = {
			isa = PBXProject;
			attributes = {
				BuildIndependentTargetsInParallel = 1;
				LastSwiftUpdateCheck = 1540;
				LastUpgradeCheck = 1540;
				TargetAttributes = {
					4B2A74F42C1CE7F700E4EBDC = {
						CreatedOnToolsVersion = 15.4;
					};
				};
			};
			buildConfigurationList = 4B2A74F02C1CE7F700E4EBDC /* Build configuration list for PBXProject "quiz-ios" */;
			compatibilityVersion = "Xcode 14.0";
			developmentRegion = en;
			hasScannedForEncodings = 0;
			knownRegions = (
				en,
				Base,
			);
			mainGroup = 4B2A74EC2C1CE7F700E4EBDC;
			productRefGroup = 4B2A74F62C1CE7F700E4EBDC /* Products */;
			projectDirPath = "";
			projectRoot = "";
			targets = (
				4B2A74F42C1CE7F700E4EBDC /* quiz-ios */,
			);
		};
/* End PBXProject section */

/* Begin PBXResourcesBuildPhase section */
		4B2A74F32C1CE7F700E4EBDC /* Resources */ = {
			isa = PBXResourcesBuildPhase;
			buildActionMask = 2147483647;
			files = (
				4B2A75002C1CE7F800E4EBDC /* Preview Assets.xcassets in Resources */,
				4B2A74FD2C1CE7F800E4EBDC /* Assets.xcassets in Resources */,
			);
			runOnlyForDeploymentPostprocessing = 0;
		};
/* End PBXResourcesBuildPhase section */

/* Begin PBXSourcesBuildPhase section */
		4B2A74F12C1CE7F700E4EBDC /* Sources */ = {
			isa = PBXSourcesBuildPhase;
			buildActionMask = 2147483647;
			files = (
				4B2A75192C1CE9E800E4EBDC /* utils.swift in Sources */,
				4B2A75132C1CE9E800E4EBDC /* QuizApp.swift in Sources */,
				4B7F00642C1CEBA20006084E /* ContentView.swift in Sources */,
				4B2A751A2C1CE9E800E4EBDC /* QuestionView.swift in Sources */,
				4B2A75162C1CE9E800E4EBDC /* QuizAPI.swift in Sources */,
				4B2A751B2C1CE9E800E4EBDC /* ResultView.swift in Sources */,
				4B2A75152C1CE9E800E4EBDC /* CategoryRowView.swift in Sources */,
				4B2A75172C1CE9E800E4EBDC /* Models.swift in Sources */,
				4B2A75182C1CE9E800E4EBDC /* QuizView.swift in Sources */,
				4B2A75112C1CE9E800E4EBDC /* DifficultyButton.swift in Sources */,
				4B2A75142C1CE9E800E4EBDC /* FinishView.swift in Sources */,
			);
			runOnlyForDeploymentPostprocessing = 0;
		};
/* End PBXSourcesBuildPhase section */

/* Begin XCBuildConfiguration section */
		4B2A75012C1CE7F800E4EBDC /* Debug */ = {
			isa = XCBuildConfiguration;
			buildSettings = {
				ALWAYS_SEARCH_USER_PATHS = NO;
				ASSETCATALOG_COMPILER_GENERATE_SWIFT_ASSET_SYMBOL_EXTENSIONS = YES;
				CLANG_ANALYZER_NONNULL = YES;
				CLANG_ANALYZER_NUMBER_OBJECT_CONVERSION = YES_AGGRESSIVE;
				CLANG_CXX_LANGUAGE_STANDARD = "gnu++20";
				CLANG_ENABLE_MODULES = YES;
				CLANG_ENABLE_OBJC_ARC = YES;
				CLANG_ENABLE_OBJC_WEAK = YES;
				CLANG_WARN_BLOCK_CAPTURE_AUTORELEASING = YES;
				CLANG_WARN_BOOL_CONVERSION = YES;
				CLANG_WARN_COMMA = YES;
				CLANG_WARN_CONSTANT_CONVERSION = YES;
				CLANG_WARN_DEPRECATED_OBJC_IMPLEMENTATIONS = YES;
				CLANG_WARN_DIRECT_OBJC_ISA_USAGE = YES_ERROR;
				CLANG_WARN_DOCUMENTATION_COMMENTS = YES;
				CLANG_WARN_EMPTY_BODY = YES;
				CLANG_WARN_ENUM_CONVERSION = YES;
				CLANG_WARN_INFINITE_RECURSION = YES;
				CLANG_WARN_INT_CONVERSION = YES;
				CLANG_WARN_NON_LITERAL_NULL_CONVERSION = YES;
				CLANG_WARN_OBJC_IMPLICIT_RETAIN_SELF = YES;
				CLANG_WARN_OBJC_LITERAL_CONVERSION = YES;
				CLANG_WARN_OBJC_ROOT_CLASS = YES_ERROR;
				CLANG_WARN_QUOTED_INCLUDE_IN_FRAMEWORK_HEADER = YES;
				CLANG_WARN_RANGE_LOOP_ANALYSIS = YES;
				CLANG_WARN_STRICT_PROTOTYPES = YES;
				CLANG_WARN_SUSPICIOUS_MOVE = YES;
				CLANG_WARN_UNGUARDED_AVAILABILITY = YES_AGGRESSIVE;
				CLANG_WARN_UNREACHABLE_CODE = YES;
				CLANG_WARN__DUPLICATE_METHOD_MATCH = YES;
				COPY_PHASE_STRIP = NO;
				DEBUG_INFORMATION_FORMAT = dwarf;
				ENABLE_STRICT_OBJC_MSGSEND = YES;
				ENABLE_TESTABILITY = YES;
				ENABLE_USER_SCRIPT_SANDBOXING = YES;
				GCC_C_LANGUAGE_STANDARD = gnu17;
				GCC_DYNAMIC_NO_PIC = NO;
				GCC_NO_COMMON_BLOCKS = YES;
				GCC_OPTIMIZATION_LEVEL = 0;
				GCC_PREPROCESSOR_DEFINITIONS = (
					"DEBUG=1",
					"$(inherited)",
				);
				GCC_WARN_64_TO_32_BIT_CONVERSION = YES;
				GCC_WARN_ABOUT_RETURN_TYPE = YES_ERROR;
				GCC_WARN_UNDECLARED_SELECTOR = YES;
				GCC_WARN_UNINITIALIZED_AUTOS = YES_AGGRESSIVE;
				GCC_WARN_UNUSED_FUNCTION = YES;
				GCC_WARN_UNUSED_VARIABLE = YES;
				IPHONEOS_DEPLOYMENT_TARGET = 17.5;
				LOCALIZATION_PREFERS_STRING_CATALOGS = YES;
				MTL_ENABLE_DEBUG_INFO = INCLUDE_SOURCE;
				MTL_FAST_MATH = YES;
				ONLY_ACTIVE_ARCH = YES;
				SDKROOT = iphoneos;
				SWIFT_ACTIVE_COMPILATION_CONDITIONS = "DEBUG $(inherited)";
				SWIFT_OPTIMIZATION_LEVEL = "-Onone";
			};
			name = Debug;
		};
		4B2A75022C1CE7F800E4EBDC /* Release */ = {
			isa = XCBuildConfiguration;
			buildSettings = {
				ALWAYS_SEARCH_USER_PATHS = NO;
				ASSETCATALOG_COMPILER_GENERATE_SWIFT_ASSET_SYMBOL_EXTENSIONS = YES;
				CLANG_ANALYZER_NONNULL = YES;
				CLANG_ANALYZER_NUMBER_OBJECT_CONVERSION = YES_AGGRESSIVE;
				CLANG_CXX_LANGUAGE_STANDARD = "gnu++20";
				CLANG_ENABLE_MODULES = YES;
				CLANG_ENABLE_OBJC_ARC = YES;
				CLANG_ENABLE_OBJC_WEAK = YES;
				CLANG_WARN_BLOCK_CAPTURE_AUTORELEASING = YES;
				CLANG_WARN_BOOL_CONVERSION = YES;
				CLANG_WARN_COMMA = YES;
				CLANG_WARN_CONSTANT_CONVERSION = YES;
				CLANG_WARN_DEPRECATED_OBJC_IMPLEMENTATIONS = YES;
				CLANG_WARN_DIRECT_OBJC_ISA_USAGE = YES_ERROR;
				CLANG_WARN_DOCUMENTATION_COMMENTS = YES;
				CLANG_WARN_EMPTY_BODY = YES;
				CLANG_WARN_ENUM_CONVERSION = YES;
				CLANG_WARN_INFINITE_RECURSION = YES;
				CLANG_WARN_INT_CONVERSION = YES;
				CLANG_WARN_NON_LITERAL_NULL_CONVERSION = YES;
				CLANG_WARN_OBJC_IMPLICIT_RETAIN_SELF = YES;
				CLANG_WARN_OBJC_LITERAL_CONVERSION = YES;
				CLANG_WARN_OBJC_ROOT_CLASS = YES_ERROR;
				CLANG_WARN_QUOTED_INCLUDE_IN_FRAMEWORK_HEADER = YES;
				CLANG_WARN_RANGE_LOOP_ANALYSIS = YES;
				CLANG_WARN_STRICT_PROTOTYPES = YES;
				CLANG_WARN_SUSPICIOUS_MOVE = YES;
				CLANG_WARN_UNGUARDED_AVAILABILITY = YES_AGGRESSIVE;
				CLANG_WARN_UNREACHABLE_CODE = YES;
				CLANG_WARN__DUPLICATE_METHOD_MATCH = YES;
				COPY_PHASE_STRIP = NO;
				DEBUG_INFORMATION_FORMAT = "dwarf-with-dsym";
				ENABLE_NS_ASSERTIONS = NO;
				ENABLE_STRICT_OBJC_MSGSEND = YES;
				ENABLE_USER_SCRIPT_SANDBOXING = YES;
				GCC_C_LANGUAGE_STANDARD = gnu17;
				GCC_NO_COMMON_BLOCKS = YES;
				GCC_WARN_64_TO_32_BIT_CONVERSION = YES;
				GCC_WARN_ABOUT_RETURN_TYPE = YES_ERROR;
				GCC_WARN_UNDECLARED_SELECTOR = YES;
				GCC_WARN_UNINITIALIZED_AUTOS = YES_AGGRESSIVE;
				GCC_WARN_UNUSED_FUNCTION = YES;
				GCC_WARN_UNUSED_VARIABLE = YES;
				IPHONEOS_DEPLOYMENT_TARGET = 17.5;
				LOCALIZATION_PREFERS_STRING_CATALOGS = YES;
				MTL_ENABLE_DEBUG_INFO = NO;
				MTL_FAST_MATH = YES;
				SDKROOT = iphoneos;
				SWIFT_COMPILATION_MODE = wholemodule;
				VALIDATE_PRODUCT = YES;
			};
			name = Release;
		};
		4B2A75042C1CE7F800E4EBDC /* Debug */ = {
			isa = XCBuildConfiguration;
			buildSettings = {
				ASSETCATALOG_COMPILER_APPICON_NAME = AppIcon;
				ASSETCATALOG_COMPILER_GLOBAL_ACCENT_COLOR_NAME = AccentColor;
				CODE_SIGN_STYLE = Automatic;
				CURRENT_PROJECT_VERSION = 1;
				DEVELOPMENT_ASSET_PATHS = "\"quiz-ios/Preview Content\"";
				ENABLE_PREVIEWS = YES;
				GENERATE_INFOPLIST_FILE = YES;
				INFOPLIST_KEY_UIApplicationSceneManifest_Generation = YES;
				INFOPLIST_KEY_UIApplicationSupportsIndirectInputEvents = YES;
				INFOPLIST_KEY_UILaunchScreen_Generation = YES;
				INFOPLIST_KEY_UISupportedInterfaceOrientations_iPad = "UIInterfaceOrientationPortrait UIInterfaceOrientationPortraitUpsideDown UIInterfaceOrientationLandscapeLeft UIInterfaceOrientationLandscapeRight";
				INFOPLIST_KEY_UISupportedInterfaceOrientations_iPhone = "UIInterfaceOrientationPortrait UIInterfaceOrientationLandscapeLeft UIInterfaceOrientationLandscapeRight";
				LD_RUNPATH_SEARCH_PATHS = (
					"$(inherited)",
					"@executable_path/Frameworks",
				);
				MARKETING_VERSION = 1.0;
				PRODUCT_BUNDLE_IDENTIFIER = "com.geert.quiz-ios";
				PRODUCT_NAME = "$(TARGET_NAME)";
				SWIFT_EMIT_LOC_STRINGS = YES;
				SWIFT_VERSION = 5.0;
				TARGETED_DEVICE_FAMILY = "1,2";
			};
			name = Debug;
		};
		4B2A75052C1CE7F800E4EBDC /* Release */ = {
			isa = XCBuildConfiguration;
			buildSettings = {
				ASSETCATALOG_COMPILER_APPICON_NAME = AppIcon;
				ASSETCATALOG_COMPILER_GLOBAL_ACCENT_COLOR_NAME = AccentColor;
				CODE_SIGN_STYLE = Automatic;
				CURRENT_PROJECT_VERSION = 1;
				DEVELOPMENT_ASSET_PATHS = "\"quiz-ios/Preview Content\"";
				ENABLE_PREVIEWS = YES;
				GENERATE_INFOPLIST_FILE = YES;
				INFOPLIST_KEY_UIApplicationSceneManifest_Generation = YES;
				INFOPLIST_KEY_UIApplicationSupportsIndirectInputEvents = YES;
				INFOPLIST_KEY_UILaunchScreen_Generation = YES;
				INFOPLIST_KEY_UISupportedInterfaceOrientations_iPad = "UIInterfaceOrientationPortrait UIInterfaceOrientationPortraitUpsideDown UIInterfaceOrientationLandscapeLeft UIInterfaceOrientationLandscapeRight";
				INFOPLIST_KEY_UISupportedInterfaceOrientations_iPhone = "UIInterfaceOrientationPortrait UIInterfaceOrientationLandscapeLeft UIInterfaceOrientationLandscapeRight";
				LD_RUNPATH_SEARCH_PATHS = (
					"$(inherited)",
					"@executable_path/Frameworks",
				);
				MARKETING_VERSION = 1.0;
				PRODUCT_BUNDLE_IDENTIFIER = "com.geert.quiz-ios";
				PRODUCT_NAME = "$(TARGET_NAME)";
				SWIFT_EMIT_LOC_STRINGS = YES;
				SWIFT_VERSION = 5.0;
				TARGETED_DEVICE_FAMILY = "1,2";
			};
			name = Release;
		};
/* End XCBuildConfiguration section */

/* Begin XCConfigurationList section */
		4B2A74F02C1CE7F700E4EBDC /* Build configuration list for PBXProject "quiz-ios" */ = {
			isa = XCConfigurationList;
			buildConfigurations = (
				4B2A75012C1CE7F800E4EBDC /* Debug */,
				4B2A75022C1CE7F800E4EBDC /* Release */,
			);
			defaultConfigurationIsVisible = 0;
			defaultConfigurationName = Release;
		};
		4B2A75032C1CE7F800E4EBDC /* Build configuration list for PBXNativeTarget "quiz-ios" */ = {
			isa = XCConfigurationList;
			buildConfigurations = (
				4B2A75042C1CE7F800E4EBDC /* Debug */,
				4B2A75052C1CE7F800E4EBDC /* Release */,
			);
			defaultConfigurationIsVisible = 0;
			defaultConfigurationName = Release;
		};
/* End XCConfigurationList section */
	};
	rootObject = 4B2A74ED2C1CE7F700E4EBDC /* Project object */;
}
